
Microsoft Visual Studio Solution File, Format Version 12.00
# Visual Studio Version 16
VisualStudioVersion = 16.0.30114.105
MinimumVisualStudioVersion = 10.0.40219.1
Project("{FAE04EC0-301F-11D3-BF4B-00C04F79EFBC}") = "NetCodeCoverage", "NetCodeCoverage.csproj", "{1DB53261-238E-468E-8858-7DB4FABCCA73}"
EndProject
Global
	GlobalSection(SolutionConfigurationPlatforms) = preSolution
		Debug|Any CPU = Debug|Any CPU
		Release|Any CPU = Release|Any CPU
	EndGlobalSection
	GlobalSection(ProjectConfigurationPlatforms) = postSolution
		{1DB53261-238E-468E-8858-7DB4FABCCA73}.Debug|Any CPU.ActiveCfg = Debug|Any CPU
		{1DB53261-238E-468E-8858-7DB4FABCCA73}.Debug|Any CPU.Build.0 = Debug|Any CPU
		{1DB53261-238E-468E-8858-7DB4FABCCA73}.Release|Any CPU.ActiveCfg = Release|Any CPU
		{1DB53261-238E-468E-8858-7DB4FABCCA73}.Release|Any CPU.Build.0 = Release|Any CPU
		{D758FB8D-6F20-482F-B870-7D1C36EDF02D}.Debug|Any CPU.ActiveCfg = Debug|Any CPU
		{D758FB8D-6F20-482F-B870-7D1C36EDF02D}.Debug|Any CPU.Build.0 = Debug|Any CPU
		{D758FB8D-6F20-482F-B870-7D1C36EDF02D}.Release|Any CPU.ActiveCfg = Release|Any CPU
		{D758FB8D-6F20-482F-B870-7D1C36EDF02D}.Release|Any CPU.Build.0 = Release|Any CPU
	EndGlobalSection
	GlobalSection(SolutionProperties) = preSolution
		HideSolutionNode = FALSE
	EndGlobalSection
	GlobalSection(ExtensibilityGlobals) = postSolution
		SolutionGuid = {0A9563BF-A08A-4638-B07A-80CFAEB5E85F}
	EndGlobalSection
EndGlobal
